
Microsoft Visual Studio Solution File, Format Version 12.00
# Visual Studio 15
VisualStudioVersion = 15.0.27428.2037
MinimumVisualStudioVersion = 10.0.40219.1
Project("{9A19103F-16F7-4668-BE54-9A1E7A4F7556}") = "Web", "Web.csproj", "{26CD92A8-5BFB-492D-8E09-383A87DBA0E6}"
EndProject
Project("{9A19103F-16F7-4668-BE54-9A1E7A4F7556}") = "Api", "..\Api\Api.csproj", "{340C8783-87A7-461D-B94D-BFEA2D84074F}"
EndProject
Project("{9A19103F-16F7-4668-BE54-9A1E7A4F7556}") = "Repository", "..\Data\Repository\Repository.csproj", "{9920FDA7-BC12-4482-BC78-982AB30746F9}"
EndProject
Project("{9A19103F-16F7-4668-BE54-9A1E7A4F7556}") = "Entities", "..\Data\Entities\Entities.csproj", "{90D79F38-ACE2-429D-A594-75DBD178000D}"
EndProject
Project("{9A19103F-16F7-4668-BE54-9A1E7A4F7556}") = "Contracts", "..\Data\Contracts\Contracts.csproj", "{B4A0DDD8-AD7B-44D9-92B2-A24905DA52ED}"
EndProject
Project("{9A19103F-16F7-4668-BE54-9A1E7A4F7556}") = "ViewModels", "..\Data\ViewModels\ViewModels\ViewModels.csproj", "{EB7E8901-E35E-4BF5-98F4-7464DEC0AD27}"
EndProject
Project("{9A19103F-16F7-4668-BE54-9A1E7A4F7556}") = "Core", "..\Data\Core\Core\Core.csproj", "{2311F093-FFDF-478F-B5EA-09318A5138EC}"
EndProject
Project("{2150E333-8FDC-42A3-9474-1A3956D46DE8}") = "Data", "Data", "{BDFC995B-89EF-481A-99C1-25502F0782B1}"
EndProject
Global
	GlobalSection(SolutionConfigurationPlatforms) = preSolution
		Debug|Any CPU = Debug|Any CPU
		Release|Any CPU = Release|Any CPU
	EndGlobalSection
	GlobalSection(ProjectConfigurationPlatforms) = postSolution
		{26CD92A8-5BFB-492D-8E09-383A87DBA0E6}.Debug|Any CPU.ActiveCfg = Debug|Any CPU
		{26CD92A8-5BFB-492D-8E09-383A87DBA0E6}.Debug|Any CPU.Build.0 = Debug|Any CPU
		{26CD92A8-5BFB-492D-8E09-383A87DBA0E6}.Release|Any CPU.ActiveCfg = Release|Any CPU
		{26CD92A8-5BFB-492D-8E09-383A87DBA0E6}.Release|Any CPU.Build.0 = Release|Any CPU
		{340C8783-87A7-461D-B94D-BFEA2D84074F}.Debug|Any CPU.ActiveCfg = Debug|Any CPU
		{340C8783-87A7-461D-B94D-BFEA2D84074F}.Debug|Any CPU.Build.0 = Debug|Any CPU
		{340C8783-87A7-461D-B94D-BFEA2D84074F}.Release|Any CPU.ActiveCfg = Release|Any CPU
		{340C8783-87A7-461D-B94D-BFEA2D84074F}.Release|Any CPU.Build.0 = Release|Any CPU
		{9920FDA7-BC12-4482-BC78-982AB30746F9}.Debug|Any CPU.ActiveCfg = Debug|Any CPU
		{9920FDA7-BC12-4482-BC78-982AB30746F9}.Debug|Any CPU.Build.0 = Debug|Any CPU
		{9920FDA7-BC12-4482-BC78-982AB30746F9}.Release|Any CPU.ActiveCfg = Release|Any CPU
		{9920FDA7-BC12-4482-BC78-982AB30746F9}.Release|Any CPU.Build.0 = Release|Any CPU
		{90D79F38-ACE2-429D-A594-75DBD178000D}.Debug|Any CPU.ActiveCfg = Debug|Any CPU
		{90D79F38-ACE2-429D-A594-75DBD178000D}.Debug|Any CPU.Build.0 = Debug|Any CPU
		{90D79F38-ACE2-429D-A594-75DBD178000D}.Release|Any CPU.ActiveCfg = Release|Any CPU
		{90D79F38-ACE2-429D-A594-75DBD178000D}.Release|Any CPU.Build.0 = Release|Any CPU
		{B4A0DDD8-AD7B-44D9-92B2-A24905DA52ED}.Debug|Any CPU.ActiveCfg = Debug|Any CPU
		{B4A0DDD8-AD7B-44D9-92B2-A24905DA52ED}.Debug|Any CPU.Build.0 = Debug|Any CPU
		{B4A0DDD8-AD7B-44D9-92B2-A24905DA52ED}.Release|Any CPU.ActiveCfg = Release|Any CPU
		{B4A0DDD8-AD7B-44D9-92B2-A24905DA52ED}.Release|Any CPU.Build.0 = Release|Any CPU
		{EB7E8901-E35E-4BF5-98F4-7464DEC0AD27}.Debug|Any CPU.ActiveCfg = Debug|Any CPU
		{EB7E8901-E35E-4BF5-98F4-7464DEC0AD27}.Debug|Any CPU.Build.0 = Debug|Any CPU
		{EB7E8901-E35E-4BF5-98F4-7464DEC0AD27}.Release|Any CPU.ActiveCfg = Release|Any CPU
		{EB7E8901-E35E-4BF5-98F4-7464DEC0AD27}.Release|Any CPU.Build.0 = Release|Any CPU
		{2311F093-FFDF-478F-B5EA-09318A5138EC}.Debug|Any CPU.ActiveCfg = Debug|Any CPU
		{2311F093-FFDF-478F-B5EA-09318A5138EC}.Debug|Any CPU.Build.0 = Debug|Any CPU
		{2311F093-FFDF-478F-B5EA-09318A5138EC}.Release|Any CPU.ActiveCfg = Release|Any CPU
		{2311F093-FFDF-478F-B5EA-09318A5138EC}.Release|Any CPU.Build.0 = Release|Any CPU
	EndGlobalSection
	GlobalSection(SolutionProperties) = preSolution
		HideSolutionNode = FALSE
	EndGlobalSection
	GlobalSection(NestedProjects) = preSolution
		{9920FDA7-BC12-4482-BC78-982AB30746F9} = {BDFC995B-89EF-481A-99C1-25502F0782B1}
		{90D79F38-ACE2-429D-A594-75DBD178000D} = {BDFC995B-89EF-481A-99C1-25502F0782B1}
		{B4A0DDD8-AD7B-44D9-92B2-A24905DA52ED} = {BDFC995B-89EF-481A-99C1-25502F0782B1}
		{EB7E8901-E35E-4BF5-98F4-7464DEC0AD27} = {BDFC995B-89EF-481A-99C1-25502F0782B1}
		{2311F093-FFDF-478F-B5EA-09318A5138EC} = {BDFC995B-89EF-481A-99C1-25502F0782B1}
	EndGlobalSection
	GlobalSection(ExtensibilityGlobals) = postSolution
		SolutionGuid = {C8EC2411-E1CF-4169-8789-0A9D278F83FF}
	EndGlobalSection
EndGlobal
